uuid: 2c65be62-a1b2-4ccd-bba2-a0e9b4ee3096
langcode: en
status: true
dependencies:
  config:
    - block_content.type.paragraphs_block
  module:
    - content_translation
third_party_settings:
  content_translation:
    enabled: true
id: block_content.paragraphs_block
target_entity_type_id: block_content
target_bundle: paragraphs_block
default_langcode: site_default
language_alterable: true
